
Microsoft Visual Studio Solution File, Format Version 12.00
# Visual Studio Version 17
VisualStudioVersion = 17.6.33712.159
MinimumVisualStudioVersion = 10.0.40219.1
Project("{FAE04EC0-301F-11D3-BF4B-00C04F79EFBC}") = "DapperGenericRepository", "DapperGenericRepository.csproj", "{58B0898A-9832-4174-ADE1-DCD2A466C8D5}"
EndProject
Global
	GlobalSection(SolutionConfigurationPlatforms) = preSolution
		Debug|Any CPU = Debug|Any CPU
		Release|Any CPU = Release|Any CPU
	EndGlobalSection
	GlobalSection(ProjectConfigurationPlatforms) = postSolution
		{58B0898A-9832-4174-ADE1-DCD2A466C8D5}.Debug|Any CPU.ActiveCfg = Debug|Any CPU
		{58B0898A-9832-4174-ADE1-DCD2A466C8D5}.Debug|Any CPU.Build.0 = Debug|Any CPU
		{58B0898A-9832-4174-ADE1-DCD2A466C8D5}.Release|Any CPU.ActiveCfg = Release|Any CPU
		{58B0898A-9832-4174-ADE1-DCD2A466C8D5}.Release|Any CPU.Build.0 = Release|Any CPU
	EndGlobalSection
	GlobalSection(SolutionProperties) = preSolution
		HideSolutionNode = FALSE
	EndGlobalSection
	GlobalSection(ExtensibilityGlobals) = postSolution
		SolutionGuid = {FF50ADB6-B0F4-4113-9B03-292CBC35D1ED}
	EndGlobalSection
EndGlobal
